
Microsoft Visual Studio Solution File, Format Version 12.00
# Visual Studio Version 18
VisualStudioVersion = 18.3.11520.95 d18.3
MinimumVisualStudioVersion = 10.0.40219.1
Project("{FAE04EC0-301F-11D3-BF4B-00C04F79EFBC}") = "MyRecipes.UI", "MyRecipes.UI\MyRecipes.UI.csproj", "{E541452E-E17C-4BCA-B848-278B1841E78F}"
EndProject
Project("{FAE04EC0-301F-11D3-BF4B-00C04F79EFBC}") = "MyRecipes.ApplicationServices", "MyRecipes.ApplicationServices\MyRecipes.ApplicationServices.csproj", "{4E6B0106-0CEE-4A99-9E55-86D89D2EE3D3}"
EndProject
Project("{FAE04EC0-301F-11D3-BF4B-00C04F79EFBC}") = "MyRecipes.Core", "MyRecipes.Core\MyRecipes.Core.csproj", "{18205A67-EA6D-4CF7-833C-AD7002C720ED}"
EndProject
Project("{FAE04EC0-301F-11D3-BF4B-00C04F79EFBC}") = "MyRecipes.Data", "MyRecipes.Data\MyRecipes.Data.csproj", "{F2666B6E-FF3D-412A-8F5B-FB49D915B810}"
EndProject
Global
	GlobalSection(SolutionConfigurationPlatforms) = preSolution
		Debug|Any CPU = Debug|Any CPU
		Release|Any CPU = Release|Any CPU
	EndGlobalSection
	GlobalSection(ProjectConfigurationPlatforms) = postSolution
		{E541452E-E17C-4BCA-B848-278B1841E78F}.Debug|Any CPU.ActiveCfg = Debug|Any CPU
		{E541452E-E17C-4BCA-B848-278B1841E78F}.Debug|Any CPU.Build.0 = Debug|Any CPU
		{E541452E-E17C-4BCA-B848-278B1841E78F}.Release|Any CPU.ActiveCfg = Release|Any CPU
		{E541452E-E17C-4BCA-B848-278B1841E78F}.Release|Any CPU.Build.0 = Release|Any CPU
		{4E6B0106-0CEE-4A99-9E55-86D89D2EE3D3}.Debug|Any CPU.ActiveCfg = Debug|Any CPU
		{4E6B0106-0CEE-4A99-9E55-86D89D2EE3D3}.Debug|Any CPU.Build.0 = Debug|Any CPU
		{4E6B0106-0CEE-4A99-9E55-86D89D2EE3D3}.Release|Any CPU.ActiveCfg = Release|Any CPU
		{4E6B0106-0CEE-4A99-9E55-86D89D2EE3D3}.Release|Any CPU.Build.0 = Release|Any CPU
		{18205A67-EA6D-4CF7-833C-AD7002C720ED}.Debug|Any CPU.ActiveCfg = Debug|Any CPU
		{18205A67-EA6D-4CF7-833C-AD7002C720ED}.Debug|Any CPU.Build.0 = Debug|Any CPU
		{18205A67-EA6D-4CF7-833C-AD7002C720ED}.Release|Any CPU.ActiveCfg = Release|Any CPU
		{18205A67-EA6D-4CF7-833C-AD7002C720ED}.Release|Any CPU.Build.0 = Release|Any CPU
		{F2666B6E-FF3D-412A-8F5B-FB49D915B810}.Debug|Any CPU.ActiveCfg = Debug|Any CPU
		{F2666B6E-FF3D-412A-8F5B-FB49D915B810}.Debug|Any CPU.Build.0 = Debug|Any CPU
		{F2666B6E-FF3D-412A-8F5B-FB49D915B810}.Release|Any CPU.ActiveCfg = Release|Any CPU
		{F2666B6E-FF3D-412A-8F5B-FB49D915B810}.Release|Any CPU.Build.0 = Release|Any CPU
	EndGlobalSection
	GlobalSection(SolutionProperties) = preSolution
		HideSolutionNode = FALSE
	EndGlobalSection
	GlobalSection(ExtensibilityGlobals) = postSolution
		SolutionGuid = {36244371-3AFD-43F2-AFC9-0C3300ADF2ED}
	EndGlobalSection
EndGlobal
